# This is a Gradle generated file for dependency locking.
# Manual edits can break the build and are not advised.
# This file is expected to be part of source control.
cglib:cglib-nodep:3.3.0=functionalTestCompileClasspath,functionalTestRuntimeClasspath,testCompileClasspath,testRuntimeClasspath
com.esotericsoftware:minlog:1.3.1=compileClasspath,default,functionalTestCompileClasspath,functionalTestRuntimeClasspath,runtimeClasspath,suppressions,testCompileClasspath,testRuntimeClasspath
com.fasterxml.jackson.core:jackson-annotations:2.14.1=compileClasspath,default,functionalTestCompileClasspath,functionalTestRuntimeClasspath,runtimeClasspath,suppressions,testCompileClasspath,testRuntimeClasspath
com.fasterxml.jackson.core:jackson-core:2.14.1=compileClasspath,default,functionalTestCompileClasspath,functionalTestRuntimeClasspath,runtimeClasspath,suppressions,testCompileClasspath,testRuntimeClasspath
com.fasterxml.jackson.core:jackson-databind:2.14.1=compileClasspath,default,functionalTestCompileClasspath,functionalTestRuntimeClasspath,runtimeClasspath,suppressions,testCompileClasspath,testRuntimeClasspath
com.fasterxml.jackson.dataformat:jackson-dataformat-yaml:2.14.1=compileClasspath,default,functionalTestCompileClasspath,functionalTestRuntimeClasspath,runtimeClasspath,suppressions,testCompileClasspath,testRuntimeClasspath
com.fasterxml.jackson.module:jackson-module-afterburner:2.14.1=compileClasspath,default,functionalTestCompileClasspath,functionalTestRuntimeClasspath,runtimeClasspath,suppressions,testCompileClasspath,testRuntimeClasspath
com.fasterxml.jackson.module:jackson-module-blackbird:2.14.1=compileClasspath,default,functionalTestCompileClasspath,functionalTestRuntimeClasspath,runtimeClasspath,suppressions,testCompileClasspath,testRuntimeClasspath
com.fasterxml.jackson:jackson-bom:2.14.1=compileClasspath,default,functionalTestCompileClasspath,functionalTestRuntimeClasspath,runtimeClasspath,suppressions,testCompileClasspath,testRuntimeClasspath
com.github.jk1:gradle-license-report:1.19=compileClasspath,default,functionalTestCompileClasspath,functionalTestRuntimeClasspath,runtimeClasspath,suppressions,testCompileClasspath,testRuntimeClasspath
com.github.package-url:packageurl-java:1.4.1=compileClasspath,default,functionalTestCompileClasspath,functionalTestRuntimeClasspath,runtimeClasspath,suppressions,testCompileClasspath,testRuntimeClasspath
com.github.spotbugs.snom:spotbugs-gradle-plugin:4.7.10=compileClasspath,default,functionalTestCompileClasspath,functionalTestRuntimeClasspath,runtimeClasspath,suppressions,testCompileClasspath,testRuntimeClasspath
com.github.spullara.mustache.java:compiler:0.9.6=compileClasspath,default,functionalTestCompileClasspath,functionalTestRuntimeClasspath,runtimeClasspath,suppressions,testCompileClasspath,testRuntimeClasspath
com.google.code.findbugs:jsr305:3.0.2=compileClasspath,default,functionalTestCompileClasspath,functionalTestRuntimeClasspath,runtimeClasspath,suppressions,testCompileClasspath,testRuntimeClasspath
com.google.code.gson:gson:2.9.0=compileClasspath,default,functionalTestCompileClasspath,functionalTestRuntimeClasspath,runtimeClasspath,suppressions,testCompileClasspath,testRuntimeClasspath
com.google.errorprone:error_prone_annotations:2.11.0=compileClasspath,default,functionalTestCompileClasspath,functionalTestRuntimeClasspath,runtimeClasspath,suppressions,testCompileClasspath,testRuntimeClasspath
com.google.guava:failureaccess:1.0.1=compileClasspath,default,functionalTestCompileClasspath,functionalTestRuntimeClasspath,runtimeClasspath,suppressions,testCompileClasspath,testRuntimeClasspath
com.google.guava:guava:31.1-jre=compileClasspath,default,functionalTestCompileClasspath,functionalTestRuntimeClasspath,runtimeClasspath,suppressions,testCompileClasspath,testRuntimeClasspath
com.google.guava:listenablefuture:9999.0-empty-to-avoid-conflict-with-guava=compileClasspath,default,functionalTestCompileClasspath,functionalTestRuntimeClasspath,runtimeClasspath,suppressions,testCompileClasspath,testRuntimeClasspath
com.google.j2objc:j2objc-annotations:1.3=compileClasspath,default,functionalTestCompileClasspath,functionalTestRuntimeClasspath,runtimeClasspath,suppressions,testCompileClasspath,testRuntimeClasspath
com.h2database:h2:2.1.214=compileClasspath,default,functionalTestCompileClasspath,functionalTestRuntimeClasspath,runtimeClasspath,suppressions,testCompileClasspath,testRuntimeClasspath
com.h3xstream.retirejs:retirejs-core:3.0.4=compileClasspath,default,functionalTestCompileClasspath,functionalTestRuntimeClasspath,runtimeClasspath,suppressions,testCompileClasspath,testRuntimeClasspath
com.hankcs:aho-corasick-double-array-trie:1.2.3=compileClasspath,default,functionalTestCompileClasspath,functionalTestRuntimeClasspath,runtimeClasspath,suppressions,testCompileClasspath,testRuntimeClasspath
com.kageiit.jacobo:com.kageiit.jacobo.gradle.plugin:2.1.0=compileClasspath,default,functionalTestCompileClasspath,functionalTestRuntimeClasspath,runtimeClasspath,suppressions,testCompileClasspath,testRuntimeClasspath
com.moandjiezana.toml:toml4j:0.7.2=compileClasspath,default,functionalTestCompileClasspath,functionalTestRuntimeClasspath,runtimeClasspath,suppressions,testCompileClasspath,testRuntimeClasspath
com.vaadin.external.google:android-json:0.0.20131108.vaadin1=compileClasspath,default,functionalTestCompileClasspath,functionalTestRuntimeClasspath,runtimeClasspath,suppressions,testCompileClasspath,testRuntimeClasspath
commons-beanutils:commons-beanutils:1.9.4=compileClasspath,default,functionalTestCompileClasspath,functionalTestRuntimeClasspath,runtimeClasspath,suppressions,testCompileClasspath,testRuntimeClasspath
commons-collections:commons-collections:3.2.2=compileClasspath,default,functionalTestCompileClasspath,functionalTestRuntimeClasspath,runtimeClasspath,suppressions,testCompileClasspath,testRuntimeClasspath
commons-digester:commons-digester:2.1=compileClasspath,default,functionalTestCompileClasspath,functionalTestRuntimeClasspath,runtimeClasspath,suppressions,testCompileClasspath,testRuntimeClasspath
commons-io:commons-io:2.11.0=compileClasspath,default,functionalTestCompileClasspath,functionalTestRuntimeClasspath,runtimeClasspath,suppressions,testCompileClasspath,testRuntimeClasspath
commons-logging:commons-logging:1.2=compileClasspath,default,functionalTestCompileClasspath,functionalTestRuntimeClasspath,runtimeClasspath,suppressions,testCompileClasspath,testRuntimeClasspath
commons-validator:commons-validator:1.7=compileClasspath,default,functionalTestCompileClasspath,functionalTestRuntimeClasspath,runtimeClasspath,suppressions,testCompileClasspath,testRuntimeClasspath
gradle.plugin.com.kageiit:jacobo-plugin:2.1.0=compileClasspath,default,functionalTestCompileClasspath,functionalTestRuntimeClasspath,runtimeClasspath,suppressions,testCompileClasspath,testRuntimeClasspath
gradle.plugin.org.barfuin.gradle.jacocolog:gradle-jacoco-log:2.0.0=compileClasspath,default,functionalTestCompileClasspath,functionalTestRuntimeClasspath,runtimeClasspath,suppressions,testCompileClasspath,testRuntimeClasspath
javax.activation:javax.activation-api:1.2.0=compileClasspath,default,functionalTestCompileClasspath,functionalTestRuntimeClasspath,runtimeClasspath,suppressions,testCompileClasspath,testRuntimeClasspath
javax.inject:javax.inject:1=compileClasspath,default,functionalTestCompileClasspath,functionalTestRuntimeClasspath,runtimeClasspath,suppressions,testCompileClasspath,testRuntimeClasspath
javax.ws.rs:javax.ws.rs-api:2.0.1=compileClasspath,default,functionalTestCompileClasspath,functionalTestRuntimeClasspath,runtimeClasspath,suppressions,testCompileClasspath,testRuntimeClasspath
javax.xml.bind:jaxb-api:2.3.1=compileClasspath,default,functionalTestCompileClasspath,functionalTestRuntimeClasspath,runtimeClasspath,suppressions,testCompileClasspath,testRuntimeClasspath
joda-time:joda-time:2.10.4=compileClasspath,default,functionalTestCompileClasspath,functionalTestRuntimeClasspath,runtimeClasspath,suppressions,testCompileClasspath,testRuntimeClasspath
net.bytebuddy:byte-buddy:1.11.0=functionalTestCompileClasspath,functionalTestRuntimeClasspath,testCompileClasspath,testRuntimeClasspath
net.gpedro.integrations.slack:slack-webhook:1.4.0=compileClasspath,default,functionalTestCompileClasspath,functionalTestRuntimeClasspath,runtimeClasspath,suppressions,testCompileClasspath,testRuntimeClasspath
org.anarres.jdiagnostics:jdiagnostics:1.0.7=compileClasspath,default,functionalTestCompileClasspath,functionalTestRuntimeClasspath,runtimeClasspath,suppressions,testCompileClasspath,testRuntimeClasspath
org.apache.commons:commons-collections4:4.4=compileClasspath,default,functionalTestCompileClasspath,functionalTestRuntimeClasspath,runtimeClasspath,suppressions,testCompileClasspath,testRuntimeClasspath
org.apache.commons:commons-compress:1.22=compileClasspath,default,functionalTestCompileClasspath,functionalTestRuntimeClasspath,runtimeClasspath,suppressions,testCompileClasspath,testRuntimeClasspath
org.apache.commons:commons-dbcp2:2.9.0=compileClasspath,default,functionalTestCompileClasspath,functionalTestRuntimeClasspath,runtimeClasspath,suppressions,testCompileClasspath,testRuntimeClasspath
org.apache.commons:commons-jcs-core:2.2.1=compileClasspath,default,functionalTestCompileClasspath,functionalTestRuntimeClasspath,runtimeClasspath,suppressions,testCompileClasspath,testRuntimeClasspath
org.apache.commons:commons-lang3:3.12.0=compileClasspath,default,functionalTestCompileClasspath,functionalTestRuntimeClasspath,runtimeClasspath,suppressions,testCompileClasspath,testRuntimeClasspath
org.apache.commons:commons-pool2:2.10.0=compileClasspath,default,functionalTestCompileClasspath,functionalTestRuntimeClasspath,runtimeClasspath,suppressions,testCompileClasspath,testRuntimeClasspath
org.apache.commons:commons-text:1.10.0=compileClasspath,default,functionalTestCompileClasspath,functionalTestRuntimeClasspath,runtimeClasspath,suppressions,testCompileClasspath,testRuntimeClasspath
org.apache.lucene:lucene-analyzers-common:8.11.2=compileClasspath,default,functionalTestCompileClasspath,functionalTestRuntimeClasspath,runtimeClasspath,suppressions,testCompileClasspath,testRuntimeClasspath
org.apache.lucene:lucene-core:8.11.2=compileClasspath,default,functionalTestCompileClasspath,functionalTestRuntimeClasspath,runtimeClasspath,suppressions,testCompileClasspath,testRuntimeClasspath
org.apache.lucene:lucene-queries:8.11.2=compileClasspath,default,functionalTestCompileClasspath,functionalTestRuntimeClasspath,runtimeClasspath,suppressions,testCompileClasspath,testRuntimeClasspath
org.apache.lucene:lucene-queryparser:8.11.2=compileClasspath,default,functionalTestCompileClasspath,functionalTestRuntimeClasspath,runtimeClasspath,suppressions,testCompileClasspath,testRuntimeClasspath
org.apache.lucene:lucene-sandbox:8.11.2=compileClasspath,default,functionalTestCompileClasspath,functionalTestRuntimeClasspath,runtimeClasspath,suppressions,testCompileClasspath,testRuntimeClasspath
org.apache.velocity:velocity-engine-core:2.3=compileClasspath,default,functionalTestCompileClasspath,functionalTestRuntimeClasspath,runtimeClasspath,suppressions,testCompileClasspath,testRuntimeClasspath
org.apiguardian:apiguardian-api:1.1.0=functionalTestCompileClasspath,functionalTestRuntimeClasspath,testCompileClasspath,testRuntimeClasspath
org.assertj:assertj-core:3.16.1=functionalTestCompileClasspath,functionalTestRuntimeClasspath,testCompileClasspath,testRuntimeClasspath
org.barfuin.gradle.jacocolog:org.barfuin.gradle.jacocolog.gradle.plugin:2.0.0=compileClasspath,default,functionalTestCompileClasspath,functionalTestRuntimeClasspath,runtimeClasspath,suppressions,testCompileClasspath,testRuntimeClasspath
org.bouncycastle:bcpg-jdk18on:1.71=compileClasspath,default,functionalTestCompileClasspath,functionalTestRuntimeClasspath,runtimeClasspath,suppressions,testCompileClasspath,testRuntimeClasspath
org.bouncycastle:bcprov-jdk18on:1.71=compileClasspath,default,functionalTestCompileClasspath,functionalTestRuntimeClasspath,runtimeClasspath,suppressions,testCompileClasspath,testRuntimeClasspath
org.checkerframework:checker-qual:3.12.0=compileClasspath,default,functionalTestCompileClasspath,functionalTestRuntimeClasspath,runtimeClasspath,suppressions,testCompileClasspath,testRuntimeClasspath
org.codehaus.groovy:groovy:3.0.8=functionalTestCompileClasspath,functionalTestRuntimeClasspath,testCompileClasspath,testRuntimeClasspath
org.eclipse.packager:packager-core:0.19.0=compileClasspath,default,functionalTestCompileClasspath,functionalTestRuntimeClasspath,runtimeClasspath,suppressions,testCompileClasspath,testRuntimeClasspath
org.eclipse.packager:packager-rpm:0.19.0=compileClasspath,default,functionalTestCompileClasspath,functionalTestRuntimeClasspath,runtimeClasspath,suppressions,testCompileClasspath,testRuntimeClasspath
org.glassfish:javax.json:1.1.4=compileClasspath,default,functionalTestCompileClasspath,functionalTestRuntimeClasspath,runtimeClasspath,suppressions,testCompileClasspath,testRuntimeClasspath
org.hamcrest:hamcrest:2.2=functionalTestCompileClasspath,functionalTestRuntimeClasspath,testCompileClasspath,testRuntimeClasspath
org.jacoco:org.jacoco.agent:0.8.7=jacocoAgent,jacocoAnt
org.jacoco:org.jacoco.ant:0.8.7=jacocoAnt
org.jacoco:org.jacoco.core:0.8.7=jacocoAnt
org.jacoco:org.jacoco.report:0.8.7=jacocoAnt
org.jetbrains:annotations:20.1.0=functionalTestCompileClasspath,functionalTestRuntimeClasspath,testCompileClasspath,testRuntimeClasspath
org.jsoup:jsoup:1.15.3=compileClasspath,default,functionalTestCompileClasspath,functionalTestRuntimeClasspath,runtimeClasspath,suppressions,testCompileClasspath,testRuntimeClasspath
org.junit.platform:junit-platform-commons:1.7.2=functionalTestCompileClasspath,functionalTestRuntimeClasspath,testCompileClasspath,testRuntimeClasspath
org.junit.platform:junit-platform-engine:1.7.2=functionalTestCompileClasspath,functionalTestRuntimeClasspath,testCompileClasspath,testRuntimeClasspath
org.junit.platform:junit-platform-launcher:1.7.2=functionalTestCompileClasspath,functionalTestRuntimeClasspath,testCompileClasspath,testRuntimeClasspath
org.junit.platform:junit-platform-testkit:1.7.2=functionalTestCompileClasspath,functionalTestRuntimeClasspath,testCompileClasspath,testRuntimeClasspath
org.junit:junit-bom:5.7.2=functionalTestCompileClasspath,functionalTestRuntimeClasspath,testCompileClasspath,testRuntimeClasspath
org.objenesis:objenesis:3.2=functionalTestCompileClasspath,functionalTestRuntimeClasspath,testCompileClasspath,testRuntimeClasspath
org.opentest4j:opentest4j:1.2.0=functionalTestCompileClasspath,functionalTestRuntimeClasspath,testCompileClasspath,testRuntimeClasspath
org.ow2.asm:asm-analysis:9.1=jacocoAnt
org.ow2.asm:asm-commons:9.1=jacocoAnt
org.ow2.asm:asm-tree:9.1=jacocoAnt
org.ow2.asm:asm:9.1=functionalTestCompileClasspath,functionalTestRuntimeClasspath,jacocoAnt,testCompileClasspath,testRuntimeClasspath
org.owasp:dependency-check-core:7.4.4=compileClasspath,default,functionalTestCompileClasspath,functionalTestRuntimeClasspath,runtimeClasspath,suppressions,testCompileClasspath,testRuntimeClasspath
org.owasp:dependency-check-gradle:7.4.4=compileClasspath,default,functionalTestCompileClasspath,functionalTestRuntimeClasspath,runtimeClasspath,suppressions,testCompileClasspath,testRuntimeClasspath
org.owasp:dependency-check-utils:7.4.4=compileClasspath,default,functionalTestCompileClasspath,functionalTestRuntimeClasspath,runtimeClasspath,suppressions,testCompileClasspath,testRuntimeClasspath
org.semver4j:semver4j:4.1.1=compileClasspath,default,functionalTestCompileClasspath,functionalTestRuntimeClasspath,runtimeClasspath,suppressions,testCompileClasspath,testRuntimeClasspath
org.slf4j:jcl-over-slf4j:1.7.28=compileClasspath,default,functionalTestCompileClasspath,functionalTestRuntimeClasspath,runtimeClasspath,suppressions,testCompileClasspath,testRuntimeClasspath
org.slf4j:slf4j-api:1.7.36=compileClasspath,default,functionalTestCompileClasspath,functionalTestRuntimeClasspath,runtimeClasspath,suppressions,testCompileClasspath,testRuntimeClasspath
org.sonatype.goodies:package-url-java:1.1.1=compileClasspath,default,functionalTestCompileClasspath,functionalTestRuntimeClasspath,runtimeClasspath,suppressions,testCompileClasspath,testRuntimeClasspath
org.sonatype.ossindex:ossindex-service-api:1.8.2=compileClasspath,default,functionalTestCompileClasspath,functionalTestRuntimeClasspath,runtimeClasspath,suppressions,testCompileClasspath,testRuntimeClasspath
org.sonatype.ossindex:ossindex-service-client:1.8.2=compileClasspath,default,functionalTestCompileClasspath,functionalTestRuntimeClasspath,runtimeClasspath,suppressions,testCompileClasspath,testRuntimeClasspath
org.spockframework:spock-core:2.0-groovy-3.0=functionalTestCompileClasspath,functionalTestRuntimeClasspath,testCompileClasspath,testRuntimeClasspath
org.tukaani:xz:1.9=compileClasspath,default,functionalTestCompileClasspath,functionalTestRuntimeClasspath,runtimeClasspath,suppressions,testCompileClasspath,testRuntimeClasspath
org.whitesource:pecoff4j:0.0.2.1=compileClasspath,default,functionalTestCompileClasspath,functionalTestRuntimeClasspath,runtimeClasspath,suppressions,testCompileClasspath,testRuntimeClasspath
org.yaml:snakeyaml:1.33=compileClasspath,default,functionalTestCompileClasspath,functionalTestRuntimeClasspath,runtimeClasspath,suppressions,testCompileClasspath,testRuntimeClasspath
us.springett:cpe-parser:2.0.2=compileClasspath,default,functionalTestCompileClasspath,functionalTestRuntimeClasspath,runtimeClasspath,suppressions,testCompileClasspath,testRuntimeClasspath
empty=annotationProcessor,archives,functionalTestAnnotationProcessor,testAnnotationProcessor
